{
  "originHash" : "23a92cf4f3e1a89f25d0080ce29a441dae8fa551cfac87259df3cc42a00ed42e",
  "pins" : [
    {
      "identity" : "combinecocoa",
      "kind" : "remoteSourceControl",
      "location" : "https://github.com/CombineCommunity/CombineCocoa.git",
      "state" : {
        "branch" : "main",
        "revision" : "1a1821995b49c05032980554fc5c3f1204d53076"
      }
    },
    {
      "identity" : "dgbottomsheet",
      "kind" : "remoteSourceControl",
      "location" : "https://github.com/donggyushin/DGBottomSheet",
      "state" : {
        "branch" : "main",
        "revision" : "38e991485b71e962444523edec476fc38d99eec1"
      }
    },
    {
      "identity" : "flexlayout",
      "kind" : "remoteSourceControl",
      "location" : "https://github.com/layoutBox/FlexLayout.git",
      "state" : {
        "revision" : "9b46c098c0471b847e6feee49692ae239633bae3",
        "version" : "2.0.10"
      }
    },
    {
      "identity" : "fscalendar",
      "kind" : "remoteSourceControl",
      "location" : "https://github.com/WenchaoD/FSCalendar",
      "state" : {
        "revision" : "0fbdec5172fccb90f707472eeaea4ffe095278f6",
        "version" : "2.8.4"
      }
    },
    {
      "identity" : "pinlayout",
      "kind" : "remoteSourceControl",
      "location" : "https://github.com/layoutBox/PinLayout.git",
      "state" : {
        "revision" : "8eaa3a15e4dcabaca4c95aea4c0ff0c9b4a67213",
        "version" : "1.10.5"
      }
    },
    {
      "identity" : "sheetpresentationcontroller",
      "kind" : "remoteSourceControl",
      "location" : "https://github.com/karolpiateknet/SheetPresentationController",
      "state" : {
        "revision" : "0bc14d644fe718f4958de6839fa9c6851de5aa04",
        "version" : "0.3.0"
      }
    }
  ],
  "version" : 3
}
