// !$*UTF8*$!
{
	archiveVersion = 1;
	classes = {
	};
	objectVersion = 55;
	objects = {

/* Begin PBXBuildFile section */
		351C5BAB28190B7000FE9C0F /* AppDelegate.swift in Sources */ = {isa = PBXBuildFile; fileRef = 351C5BAA28190B7000FE9C0F /* AppDelegate.swift */; };
		351C5BAD28190B7000FE9C0F /* SceneDelegate.swift in Sources */ = {isa = PBXBuildFile; fileRef = 351C5BAC28190B7000FE9C0F /* SceneDelegate.swift */; };
		351C5BB428190B7100FE9C0F /* Assets.xcassets in Resources */ = {isa = PBXBuildFile; fileRef = 351C5BB328190B7100FE9C0F /* Assets.xcassets */; };
		351C5BB728190B7100FE9C0F /* LaunchScreen.storyboard in Resources */ = {isa = PBXBuildFile; fileRef = 351C5BB528190B7100FE9C0F /* LaunchScreen.storyboard */; };
		351C5BBF28190BCC00FE9C0F /* MainView.swift in Sources */ = {isa = PBXBuildFile; fileRef = 351C5BBE28190BCC00FE9C0F /* MainView.swift */; };
		351C5BC128190C2100FE9C0F /* MainViewController.swift in Sources */ = {isa = PBXBuildFile; fileRef = 351C5BC028190C2100FE9C0F /* MainViewController.swift */; };
		351C5BC328190C6500FE9C0F /* MainViewModel.swift in Sources */ = {isa = PBXBuildFile; fileRef = 351C5BC228190C6500FE9C0F /* MainViewModel.swift */; };
		351C5BC528190C9000FE9C0F /* SettingViewController.swift in Sources */ = {isa = PBXBuildFile; fileRef = 351C5BC428190C9000FE9C0F /* SettingViewController.swift */; };
		351C5BC728190D1A00FE9C0F /* CircularView.swift in Sources */ = {isa = PBXBuildFile; fileRef = 351C5BC628190D1A00FE9C0F /* CircularView.swift */; };
		351C5BC928190D4100FE9C0F /* WorkoutView.swift in Sources */ = {isa = PBXBuildFile; fileRef = 351C5BC828190D4100FE9C0F /* WorkoutView.swift */; };
		351C5BCB28190D6200FE9C0F /* WorkoutViewController.swift in Sources */ = {isa = PBXBuildFile; fileRef = 351C5BCA28190D6200FE9C0F /* WorkoutViewController.swift */; };
		3548C85028190E410089A0C4 /* WorkoutViewModel.swift in Sources */ = {isa = PBXBuildFile; fileRef = 3548C84F28190E410089A0C4 /* WorkoutViewModel.swift */; };
		3548C85728190ECF0089A0C4 /* SettingCollectionViewCell.swift in Sources */ = {isa = PBXBuildFile; fileRef = 3548C85628190ECF0089A0C4 /* SettingCollectionViewCell.swift */; };
		3548C85928190F570089A0C4 /* WorkoutCollectionViewCell.swift in Sources */ = {isa = PBXBuildFile; fileRef = 3548C85828190F570089A0C4 /* WorkoutCollectionViewCell.swift */; };
		3548C85B28190F7F0089A0C4 /* WorkoutHistoryCollectionViewCell.swift in Sources */ = {isa = PBXBuildFile; fileRef = 3548C85A28190F7F0089A0C4 /* WorkoutHistoryCollectionViewCell.swift */; };
		3548C85E28190FA90089A0C4 /* FloatingPanel in Frameworks */ = {isa = PBXBuildFile; productRef = 3548C85D28190FA90089A0C4 /* FloatingPanel */; };
		3548C863281910D90089A0C4 /* CombineCocoa in Frameworks */ = {isa = PBXBuildFile; productRef = 3548C862281910D90089A0C4 /* CombineCocoa */; };
		3548C8692819137A0089A0C4 /* SettingViewModel.swift in Sources */ = {isa = PBXBuildFile; fileRef = 3548C8682819137A0089A0C4 /* SettingViewModel.swift */; };
		3548C86B2819137F0089A0C4 /* SettingView.swift in Sources */ = {isa = PBXBuildFile; fileRef = 3548C86A2819137F0089A0C4 /* SettingView.swift */; };
		3548C86E281926A30089A0C4 /* FSCalendar in Frameworks */ = {isa = PBXBuildFile; productRef = 3548C86D281926A30089A0C4 /* FSCalendar */; };
		3548C879281A86960089A0C4 /* WorkoutListViewController.swift in Sources */ = {isa = PBXBuildFile; fileRef = 3548C878281A86960089A0C4 /* WorkoutListViewController.swift */; };
		3548C87B281A86CD0089A0C4 /* WorkoutListViewModel.swift in Sources */ = {isa = PBXBuildFile; fileRef = 3548C87A281A86CD0089A0C4 /* WorkoutListViewModel.swift */; };
		3548C87D281A86F60089A0C4 /* WorkoutListCell.swift in Sources */ = {isa = PBXBuildFile; fileRef = 3548C87C281A86F60089A0C4 /* WorkoutListCell.swift */; };
		3548C880281A87050089A0C4 /* WorkoutListView.swift in Sources */ = {isa = PBXBuildFile; fileRef = 3548C87F281A87050089A0C4 /* WorkoutListView.swift */; };
		3555CCE4281C0D1D00DA830E /* WhatToDoManager.swift in Sources */ = {isa = PBXBuildFile; fileRef = 3555CCE3281C0D1D00DA830E /* WhatToDoManager.swift */; };
		3555CD27281C69A100DA830E /* Constant.swift in Sources */ = {isa = PBXBuildFile; fileRef = 3555CD26281C69A100DA830E /* Constant.swift */; };
		3555CD2A281C747100DA830E /* SuggestionListCell.swift in Sources */ = {isa = PBXBuildFile; fileRef = 3555CD29281C747100DA830E /* SuggestionListCell.swift */; };
		3555CD2D281CD5DA00DA830E /* Item.swift in Sources */ = {isa = PBXBuildFile; fileRef = 3555CD2C281CD5DA00DA830E /* Item.swift */; };
		3555CD2F282004F200DA830E /* ItemSetupViewController.swift in Sources */ = {isa = PBXBuildFile; fileRef = 3555CD2E282004F200DA830E /* ItemSetupViewController.swift */; };
		3555CD322820E88A00DA830E /* ItemSetupView.swift in Sources */ = {isa = PBXBuildFile; fileRef = 3555CD312820E88A00DA830E /* ItemSetupView.swift */; };
		3555CD34282136B100DA830E /* ItemSetupViewModel.swift in Sources */ = {isa = PBXBuildFile; fileRef = 3555CD33282136B100DA830E /* ItemSetupViewModel.swift */; };
		3555CD37282169D600DA830E /* AdrenalistLabel.swift in Sources */ = {isa = PBXBuildFile; fileRef = 3555CD36282169D600DA830E /* AdrenalistLabel.swift */; };
		3555CD39282169EC00DA830E /* AdrenalistCircleButton.swift in Sources */ = {isa = PBXBuildFile; fileRef = 3555CD38282169EC00DA830E /* AdrenalistCircleButton.swift */; };
		3555CD3B2821729800DA830E /* AdrenalistButton.swift in Sources */ = {isa = PBXBuildFile; fileRef = 3555CD3A2821729800DA830E /* AdrenalistButton.swift */; };
		3555CD3D282172AE00DA830E /* AdrenalistTextField.swift in Sources */ = {isa = PBXBuildFile; fileRef = 3555CD3C282172AE00DA830E /* AdrenalistTextField.swift */; };
		3555CD462821903400DA830E /* UIViewController+Ext.swift in Sources */ = {isa = PBXBuildFile; fileRef = 3555CD452821903400DA830E /* UIViewController+Ext.swift */; };
		3555CD4928219BD100DA830E /* AboutView.swift in Sources */ = {isa = PBXBuildFile; fileRef = 3555CD4828219BD100DA830E /* AboutView.swift */; };
		3555CD4B28219BD900DA830E /* AboutViewController.swift in Sources */ = {isa = PBXBuildFile; fileRef = 3555CD4A28219BD900DA830E /* AboutViewController.swift */; };
		3555CD4E28239F2B00DA830E /* WorkoutSetupView.swift in Sources */ = {isa = PBXBuildFile; fileRef = 3555CD4D28239F2B00DA830E /* WorkoutSetupView.swift */; };
		3555CD5028239F4000DA830E /* TimerSetupView.swift in Sources */ = {isa = PBXBuildFile; fileRef = 3555CD4F28239F4000DA830E /* TimerSetupView.swift */; };
		3555CD532829278A00DA830E /* ItemSetupContainerView.swift in Sources */ = {isa = PBXBuildFile; fileRef = 3555CD522829278A00DA830E /* ItemSetupContainerView.swift */; };
		35632F54285899DA009C3B9D /* MyDatepicker.swift in Sources */ = {isa = PBXBuildFile; fileRef = 35632F53285899DA009C3B9D /* MyDatepicker.swift */; };
		35632F5628589DA9009C3B9D /* Date+Ext.swift in Sources */ = {isa = PBXBuildFile; fileRef = 35632F5528589DA9009C3B9D /* Date+Ext.swift */; };
		35632F582858A403009C3B9D /* MyDatePickerCell.swift in Sources */ = {isa = PBXBuildFile; fileRef = 35632F572858A403009C3B9D /* MyDatePickerCell.swift */; };
		35DD525B283E7E3E0031A912 /* InputView.swift in Sources */ = {isa = PBXBuildFile; fileRef = 35DD525A283E7E3E0031A912 /* InputView.swift */; };
		35DD525D283E7F090031A912 /* KeyboardHelper.swift in Sources */ = {isa = PBXBuildFile; fileRef = 35DD525C283E7F090031A912 /* KeyboardHelper.swift */; };
		35F16C77283F7EB90005352C /* UIScreen+Ext.swift in Sources */ = {isa = PBXBuildFile; fileRef = 35F16C76283F7EB90005352C /* UIScreen+Ext.swift */; };
		D5837C7A8BDDC0707BF575C0 /* Pods_Adrenalist.framework in Frameworks */ = {isa = PBXBuildFile; fileRef = 94EA39C79AFA8B4C4629C7C8 /* Pods_Adrenalist.framework */; };
/* End PBXBuildFile section */

/* Begin PBXFileReference section */
		2BD8AF962C0698E6E1B0A736 /* Pods-Adrenalist.release.xcconfig */ = {isa = PBXFileReference; includeInIndex = 1; lastKnownFileType = text.xcconfig; name = "Pods-Adrenalist.release.xcconfig"; path = "Target Support Files/Pods-Adrenalist/Pods-Adrenalist.release.xcconfig"; sourceTree = "<group>"; };
		351C5BA728190B7000FE9C0F /* Adrenalist.app */ = {isa = PBXFileReference; explicitFileType = wrapper.application; includeInIndex = 0; path = Adrenalist.app; sourceTree = BUILT_PRODUCTS_DIR; };
		351C5BAA28190B7000FE9C0F /* AppDelegate.swift */ = {isa = PBXFileReference; lastKnownFileType = sourcecode.swift; path = AppDelegate.swift; sourceTree = "<group>"; };
		351C5BAC28190B7000FE9C0F /* SceneDelegate.swift */ = {isa = PBXFileReference; lastKnownFileType = sourcecode.swift; path = SceneDelegate.swift; sourceTree = "<group>"; };
		351C5BB328190B7100FE9C0F /* Assets.xcassets */ = {isa = PBXFileReference; lastKnownFileType = folder.assetcatalog; path = Assets.xcassets; sourceTree = "<group>"; };
		351C5BB628190B7100FE9C0F /* Base */ = {isa = PBXFileReference; lastKnownFileType = file.storyboard; name = Base; path = Base.lproj/LaunchScreen.storyboard; sourceTree = "<group>"; };
		351C5BB828190B7100FE9C0F /* Info.plist */ = {isa = PBXFileReference; lastKnownFileType = text.plist.xml; path = Info.plist; sourceTree = "<group>"; };
		351C5BBE28190BCC00FE9C0F /* MainView.swift */ = {isa = PBXFileReference; lastKnownFileType = sourcecode.swift; path = MainView.swift; sourceTree = "<group>"; };
		351C5BC028190C2100FE9C0F /* MainViewController.swift */ = {isa = PBXFileReference; lastKnownFileType = sourcecode.swift; path = MainViewController.swift; sourceTree = "<group>"; };
		351C5BC228190C6500FE9C0F /* MainViewModel.swift */ = {isa = PBXFileReference; lastKnownFileType = sourcecode.swift; path = MainViewModel.swift; sourceTree = "<group>"; };
		351C5BC428190C9000FE9C0F /* SettingViewController.swift */ = {isa = PBXFileReference; lastKnownFileType = sourcecode.swift; path = SettingViewController.swift; sourceTree = "<group>"; };
		351C5BC628190D1A00FE9C0F /* CircularView.swift */ = {isa = PBXFileReference; lastKnownFileType = sourcecode.swift; path = CircularView.swift; sourceTree = "<group>"; };
		351C5BC828190D4100FE9C0F /* WorkoutView.swift */ = {isa = PBXFileReference; lastKnownFileType = sourcecode.swift; path = WorkoutView.swift; sourceTree = "<group>"; };
		351C5BCA28190D6200FE9C0F /* WorkoutViewController.swift */ = {isa = PBXFileReference; lastKnownFileType = sourcecode.swift; path = WorkoutViewController.swift; sourceTree = "<group>"; };
		3548C84F28190E410089A0C4 /* WorkoutViewModel.swift */ = {isa = PBXFileReference; lastKnownFileType = sourcecode.swift; path = WorkoutViewModel.swift; sourceTree = "<group>"; };
		3548C85628190ECF0089A0C4 /* SettingCollectionViewCell.swift */ = {isa = PBXFileReference; lastKnownFileType = sourcecode.swift; path = SettingCollectionViewCell.swift; sourceTree = "<group>"; };
		3548C85828190F570089A0C4 /* WorkoutCollectionViewCell.swift */ = {isa = PBXFileReference; lastKnownFileType = sourcecode.swift; path = WorkoutCollectionViewCell.swift; sourceTree = "<group>"; };
		3548C85A28190F7F0089A0C4 /* WorkoutHistoryCollectionViewCell.swift */ = {isa = PBXFileReference; lastKnownFileType = sourcecode.swift; path = WorkoutHistoryCollectionViewCell.swift; sourceTree = "<group>"; };
		3548C8682819137A0089A0C4 /* SettingViewModel.swift */ = {isa = PBXFileReference; lastKnownFileType = sourcecode.swift; path = SettingViewModel.swift; sourceTree = "<group>"; };
		3548C86A2819137F0089A0C4 /* SettingView.swift */ = {isa = PBXFileReference; lastKnownFileType = sourcecode.swift; path = SettingView.swift; sourceTree = "<group>"; };
		3548C878281A86960089A0C4 /* WorkoutListViewController.swift */ = {isa = PBXFileReference; lastKnownFileType = sourcecode.swift; path = WorkoutListViewController.swift; sourceTree = "<group>"; };
		3548C87A281A86CD0089A0C4 /* WorkoutListViewModel.swift */ = {isa = PBXFileReference; lastKnownFileType = sourcecode.swift; path = WorkoutListViewModel.swift; sourceTree = "<group>"; };
		3548C87C281A86F60089A0C4 /* WorkoutListCell.swift */ = {isa = PBXFileReference; lastKnownFileType = sourcecode.swift; path = WorkoutListCell.swift; sourceTree = "<group>"; };
		3548C87F281A87050089A0C4 /* WorkoutListView.swift */ = {isa = PBXFileReference; lastKnownFileType = sourcecode.swift; path = WorkoutListView.swift; sourceTree = "<group>"; };
		3555CCE3281C0D1D00DA830E /* WhatToDoManager.swift */ = {isa = PBXFileReference; lastKnownFileType = sourcecode.swift; path = WhatToDoManager.swift; sourceTree = "<group>"; };
		3555CD26281C69A100DA830E /* Constant.swift */ = {isa = PBXFileReference; lastKnownFileType = sourcecode.swift; path = Constant.swift; sourceTree = "<group>"; };
		3555CD29281C747100DA830E /* SuggestionListCell.swift */ = {isa = PBXFileReference; lastKnownFileType = sourcecode.swift; path = SuggestionListCell.swift; sourceTree = "<group>"; };
		3555CD2C281CD5DA00DA830E /* Item.swift */ = {isa = PBXFileReference; lastKnownFileType = sourcecode.swift; path = Item.swift; sourceTree = "<group>"; };
		3555CD2E282004F200DA830E /* ItemSetupViewController.swift */ = {isa = PBXFileReference; lastKnownFileType = sourcecode.swift; path = ItemSetupViewController.swift; sourceTree = "<group>"; };
		3555CD312820E88A00DA830E /* ItemSetupView.swift */ = {isa = PBXFileReference; lastKnownFileType = sourcecode.swift; path = ItemSetupView.swift; sourceTree = "<group>"; };
		3555CD33282136B100DA830E /* ItemSetupViewModel.swift */ = {isa = PBXFileReference; lastKnownFileType = sourcecode.swift; path = ItemSetupViewModel.swift; sourceTree = "<group>"; };
		3555CD36282169D600DA830E /* AdrenalistLabel.swift */ = {isa = PBXFileReference; lastKnownFileType = sourcecode.swift; path = AdrenalistLabel.swift; sourceTree = "<group>"; };
		3555CD38282169EC00DA830E /* AdrenalistCircleButton.swift */ = {isa = PBXFileReference; lastKnownFileType = sourcecode.swift; path = AdrenalistCircleButton.swift; sourceTree = "<group>"; };
		3555CD3A2821729800DA830E /* AdrenalistButton.swift */ = {isa = PBXFileReference; lastKnownFileType = sourcecode.swift; path = AdrenalistButton.swift; sourceTree = "<group>"; };
		3555CD3C282172AE00DA830E /* AdrenalistTextField.swift */ = {isa = PBXFileReference; lastKnownFileType = sourcecode.swift; path = AdrenalistTextField.swift; sourceTree = "<group>"; };
		3555CD452821903400DA830E /* UIViewController+Ext.swift */ = {isa = PBXFileReference; lastKnownFileType = sourcecode.swift; path = "UIViewController+Ext.swift"; sourceTree = "<group>"; };
		3555CD4828219BD100DA830E /* AboutView.swift */ = {isa = PBXFileReference; lastKnownFileType = sourcecode.swift; path = AboutView.swift; sourceTree = "<group>"; };
		3555CD4A28219BD900DA830E /* AboutViewController.swift */ = {isa = PBXFileReference; lastKnownFileType = sourcecode.swift; path = AboutViewController.swift; sourceTree = "<group>"; };
		3555CD4D28239F2B00DA830E /* WorkoutSetupView.swift */ = {isa = PBXFileReference; lastKnownFileType = sourcecode.swift; path = WorkoutSetupView.swift; sourceTree = "<group>"; };
		3555CD4F28239F4000DA830E /* TimerSetupView.swift */ = {isa = PBXFileReference; lastKnownFileType = sourcecode.swift; path = TimerSetupView.swift; sourceTree = "<group>"; };
		3555CD522829278A00DA830E /* ItemSetupContainerView.swift */ = {isa = PBXFileReference; lastKnownFileType = sourcecode.swift; path = ItemSetupContainerView.swift; sourceTree = "<group>"; };
		35632F53285899DA009C3B9D /* MyDatepicker.swift */ = {isa = PBXFileReference; lastKnownFileType = sourcecode.swift; path = MyDatepicker.swift; sourceTree = "<group>"; };
		35632F5528589DA9009C3B9D /* Date+Ext.swift */ = {isa = PBXFileReference; lastKnownFileType = sourcecode.swift; path = "Date+Ext.swift"; sourceTree = "<group>"; };
		35632F572858A403009C3B9D /* MyDatePickerCell.swift */ = {isa = PBXFileReference; lastKnownFileType = sourcecode.swift; path = MyDatePickerCell.swift; sourceTree = "<group>"; };
		35DD525A283E7E3E0031A912 /* InputView.swift */ = {isa = PBXFileReference; lastKnownFileType = sourcecode.swift; path = InputView.swift; sourceTree = "<group>"; };
		35DD525C283E7F090031A912 /* KeyboardHelper.swift */ = {isa = PBXFileReference; lastKnownFileType = sourcecode.swift; path = KeyboardHelper.swift; sourceTree = "<group>"; };
		35F16C76283F7EB90005352C /* UIScreen+Ext.swift */ = {isa = PBXFileReference; lastKnownFileType = sourcecode.swift; path = "UIScreen+Ext.swift"; sourceTree = "<group>"; };
		94EA39C79AFA8B4C4629C7C8 /* Pods_Adrenalist.framework */ = {isa = PBXFileReference; explicitFileType = wrapper.framework; includeInIndex = 0; path = Pods_Adrenalist.framework; sourceTree = BUILT_PRODUCTS_DIR; };
		B6D18FEB57126B74D1CDFB70 /* Pods-Adrenalist.debug.xcconfig */ = {isa = PBXFileReference; includeInIndex = 1; lastKnownFileType = text.xcconfig; name = "Pods-Adrenalist.debug.xcconfig"; path = "Target Support Files/Pods-Adrenalist/Pods-Adrenalist.debug.xcconfig"; sourceTree = "<group>"; };
/* End PBXFileReference section */

/* Begin PBXFrameworksBuildPhase section */
		351C5BA428190B7000FE9C0F /* Frameworks */ = {
			isa = PBXFrameworksBuildPhase;
			buildActionMask = 2147483647;
			files = (
				3548C863281910D90089A0C4 /* CombineCocoa in Frameworks */,
				3548C86E281926A30089A0C4 /* FSCalendar in Frameworks */,
				3548C85E28190FA90089A0C4 /* FloatingPanel in Frameworks */,
				D5837C7A8BDDC0707BF575C0 /* Pods_Adrenalist.framework in Frameworks */,
			);
			runOnlyForDeploymentPostprocessing = 0;
		};
/* End PBXFrameworksBuildPhase section */

/* Begin PBXGroup section */
		351C5B9E28190B7000FE9C0F = {
			isa = PBXGroup;
			children = (
				351C5BA928190B7000FE9C0F /* Adrenalist */,
				351C5BA828190B7000FE9C0F /* Products */,
				8B1759E6EDC59B6EE6B97AAF /* Pods */,
				B23B2637FFB88AFD0F053ECC /* Frameworks */,
			);
			sourceTree = "<group>";
		};
		351C5BA828190B7000FE9C0F /* Products */ = {
			isa = PBXGroup;
			children = (
				351C5BA728190B7000FE9C0F /* Adrenalist.app */,
			);
			name = Products;
			sourceTree = "<group>";
		};
		351C5BA928190B7000FE9C0F /* Adrenalist */ = {
			isa = PBXGroup;
			children = (
				351C5BAA28190B7000FE9C0F /* AppDelegate.swift */,
				351C5BAC28190B7000FE9C0F /* SceneDelegate.swift */,
				3555CD35282169B000DA830E /* GlobalViews */,
				3555CD2B281CD5D100DA830E /* Model */,
				3555CD28281C69A400DA830E /* Helper */,
				3548C874281A2EBB0089A0C4 /* Manager */,
				3548C84928190DF10089A0C4 /* Core */,
				351C5BB828190B7100FE9C0F /* Info.plist */,
			);
			path = Adrenalist;
			sourceTree = "<group>";
		};
		3548C84928190DF10089A0C4 /* Core */ = {
			isa = PBXGroup;
			children = (
				3548C84A28190DFC0089A0C4 /* Main */,
				3548C84C28190E130089A0C4 /* Setting */,
				3548C84D28190E190089A0C4 /* Workout */,
				3548C877281A868A0089A0C4 /* WorkoutList */,
				3555CD4728219BCA00DA830E /* About */,
				3555CD302820E1DF00DA830E /* ItemSetup */,
			);
			path = Core;
			sourceTree = "<group>";
		};
		3548C84A28190DFC0089A0C4 /* Main */ = {
			isa = PBXGroup;
			children = (
				351C5BC228190C6500FE9C0F /* MainViewModel.swift */,
				351C5BC028190C2100FE9C0F /* MainViewController.swift */,
				351C5BBE28190BCC00FE9C0F /* MainView.swift */,
				3548C84B28190E040089A0C4 /* View */,
			);
			path = Main;
			sourceTree = "<group>";
		};
		3548C84B28190E040089A0C4 /* View */ = {
			isa = PBXGroup;
			children = (
				3548C85628190ECF0089A0C4 /* SettingCollectionViewCell.swift */,
				3548C85828190F570089A0C4 /* WorkoutCollectionViewCell.swift */,
				3548C85A28190F7F0089A0C4 /* WorkoutHistoryCollectionViewCell.swift */,
			);
			path = View;
			sourceTree = "<group>";
		};
		3548C84C28190E130089A0C4 /* Setting */ = {
			isa = PBXGroup;
			children = (
				3548C8682819137A0089A0C4 /* SettingViewModel.swift */,
				351C5BC428190C9000FE9C0F /* SettingViewController.swift */,
				3548C86A2819137F0089A0C4 /* SettingView.swift */,
			);
			path = Setting;
			sourceTree = "<group>";
		};
		3548C84D28190E190089A0C4 /* Workout */ = {
			isa = PBXGroup;
			children = (
				3548C84F28190E410089A0C4 /* WorkoutViewModel.swift */,
				351C5BCA28190D6200FE9C0F /* WorkoutViewController.swift */,
				351C5BC828190D4100FE9C0F /* WorkoutView.swift */,
				3548C85128190E510089A0C4 /* View */,
			);
			path = Workout;
			sourceTree = "<group>";
		};
		3548C85128190E510089A0C4 /* View */ = {
			isa = PBXGroup;
			children = (
				35632F53285899DA009C3B9D /* MyDatepicker.swift */,
				35632F572858A403009C3B9D /* MyDatePickerCell.swift */,
				351C5BC628190D1A00FE9C0F /* CircularView.swift */,
			);
			path = View;
			sourceTree = "<group>";
		};
		3548C874281A2EBB0089A0C4 /* Manager */ = {
			isa = PBXGroup;
			children = (
				3555CCE3281C0D1D00DA830E /* WhatToDoManager.swift */,
			);
			path = Manager;
			sourceTree = "<group>";
		};
		3548C877281A868A0089A0C4 /* WorkoutList */ = {
			isa = PBXGroup;
			children = (
				3548C87A281A86CD0089A0C4 /* WorkoutListViewModel.swift */,
				3548C878281A86960089A0C4 /* WorkoutListViewController.swift */,
				3548C87F281A87050089A0C4 /* WorkoutListView.swift */,
				3548C87E281A86FD0089A0C4 /* View */,
			);
			path = WorkoutList;
			sourceTree = "<group>";
		};
		3548C87E281A86FD0089A0C4 /* View */ = {
			isa = PBXGroup;
			children = (
				3555CD29281C747100DA830E /* SuggestionListCell.swift */,
				3548C87C281A86F60089A0C4 /* WorkoutListCell.swift */,
			);
			path = View;
			sourceTree = "<group>";
		};
		3555CD28281C69A400DA830E /* Helper */ = {
			isa = PBXGroup;
			children = (
				3555CD26281C69A100DA830E /* Constant.swift */,
				3555CD452821903400DA830E /* UIViewController+Ext.swift */,
				35DD525C283E7F090031A912 /* KeyboardHelper.swift */,
				35F16C76283F7EB90005352C /* UIScreen+Ext.swift */,
				35632F5528589DA9009C3B9D /* Date+Ext.swift */,
			);
			path = Helper;
			sourceTree = "<group>";
		};
		3555CD2B281CD5D100DA830E /* Model */ = {
			isa = PBXGroup;
			children = (
				3555CD2C281CD5DA00DA830E /* Item.swift */,
			);
			path = Model;
			sourceTree = "<group>";
		};
		3555CD302820E1DF00DA830E /* ItemSetup */ = {
			isa = PBXGroup;
			children = (
				3555CD33282136B100DA830E /* ItemSetupViewModel.swift */,
				3555CD2E282004F200DA830E /* ItemSetupViewController.swift */,
				3555CD312820E88A00DA830E /* ItemSetupView.swift */,
				3555CD4C28239F2200DA830E /* View */,
			);
			path = ItemSetup;
			sourceTree = "<group>";
		};
		3555CD35282169B000DA830E /* GlobalViews */ = {
			isa = PBXGroup;
			children = (
				351C5BB528190B7100FE9C0F /* LaunchScreen.storyboard */,
				351C5BB328190B7100FE9C0F /* Assets.xcassets */,
				3555CD36282169D600DA830E /* AdrenalistLabel.swift */,
				3555CD38282169EC00DA830E /* AdrenalistCircleButton.swift */,
				3555CD3A2821729800DA830E /* AdrenalistButton.swift */,
				3555CD3C282172AE00DA830E /* AdrenalistTextField.swift */,
				35DD525A283E7E3E0031A912 /* InputView.swift */,
			);
			path = GlobalViews;
			sourceTree = "<group>";
		};
		3555CD4728219BCA00DA830E /* About */ = {
			isa = PBXGroup;
			children = (
				3555CD4A28219BD900DA830E /* AboutViewController.swift */,
				3555CD4828219BD100DA830E /* AboutView.swift */,
			);
			path = About;
			sourceTree = "<group>";
		};
		3555CD4C28239F2200DA830E /* View */ = {
			isa = PBXGroup;
			children = (
				3555CD522829278A00DA830E /* ItemSetupContainerView.swift */,
				3555CD4D28239F2B00DA830E /* WorkoutSetupView.swift */,
				3555CD4F28239F4000DA830E /* TimerSetupView.swift */,
			);
			path = View;
			sourceTree = "<group>";
		};
		8B1759E6EDC59B6EE6B97AAF /* Pods */ = {
			isa = PBXGroup;
			children = (
				B6D18FEB57126B74D1CDFB70 /* Pods-Adrenalist.debug.xcconfig */,
				2BD8AF962C0698E6E1B0A736 /* Pods-Adrenalist.release.xcconfig */,
			);
			path = Pods;
			sourceTree = "<group>";
		};
		B23B2637FFB88AFD0F053ECC /* Frameworks */ = {
			isa = PBXGroup;
			children = (
				94EA39C79AFA8B4C4629C7C8 /* Pods_Adrenalist.framework */,
			);
			name = Frameworks;
			sourceTree = "<group>";
		};
/* End PBXGroup section */

/* Begin PBXNativeTarget section */
		351C5BA628190B7000FE9C0F /* Adrenalist */ = {
			isa = PBXNativeTarget;
			buildConfigurationList = 351C5BBB28190B7100FE9C0F /* Build configuration list for PBXNativeTarget "Adrenalist" */;
			buildPhases = (
				3B65DF5762EDBF3020CB5B49 /* [CP] Check Pods Manifest.lock */,
				351C5BA328190B7000FE9C0F /* Sources */,
				351C5BA428190B7000FE9C0F /* Frameworks */,
				351C5BA528190B7000FE9C0F /* Resources */,
				D43D24CC814425341456BD10 /* [CP] Embed Pods Frameworks */,
			);
			buildRules = (
			);
			dependencies = (
			);
			name = Adrenalist;
			packageProductDependencies = (
				3548C85D28190FA90089A0C4 /* FloatingPanel */,
				3548C862281910D90089A0C4 /* CombineCocoa */,
				3548C86D281926A30089A0C4 /* FSCalendar */,
			);
			productName = Adrenalist;
			productReference = 351C5BA728190B7000FE9C0F /* Adrenalist.app */;
			productType = "com.apple.product-type.application";
		};
/* End PBXNativeTarget section */

/* Begin PBXProject section */
		351C5B9F28190B7000FE9C0F /* Project object */ = {
			isa = PBXProject;
			attributes = {
				BuildIndependentTargetsInParallel = 1;
				LastSwiftUpdateCheck = 1330;
				LastUpgradeCheck = 1330;
				TargetAttributes = {
					351C5BA628190B7000FE9C0F = {
						CreatedOnToolsVersion = 13.3.1;
					};
				};
			};
			buildConfigurationList = 351C5BA228190B7000FE9C0F /* Build configuration list for PBXProject "Adrenalist" */;
			compatibilityVersion = "Xcode 13.0";
			developmentRegion = en;
			hasScannedForEncodings = 0;
			knownRegions = (
				en,
				Base,
			);
			mainGroup = 351C5B9E28190B7000FE9C0F;
			packageReferences = (
				3548C85C28190FA90089A0C4 /* XCRemoteSwiftPackageReference "FloatingPanel" */,
				3548C861281910D90089A0C4 /* XCRemoteSwiftPackageReference "CombineCocoa" */,
				3548C86C281926A30089A0C4 /* XCRemoteSwiftPackageReference "FSCalendar" */,
			);
			productRefGroup = 351C5BA828190B7000FE9C0F /* Products */;
			projectDirPath = "";
			projectRoot = "";
			targets = (
				351C5BA628190B7000FE9C0F /* Adrenalist */,
			);
		};
/* End PBXProject section */

/* Begin PBXResourcesBuildPhase section */
		351C5BA528190B7000FE9C0F /* Resources */ = {
			isa = PBXResourcesBuildPhase;
			buildActionMask = 2147483647;
			files = (
				351C5BB728190B7100FE9C0F /* LaunchScreen.storyboard in Resources */,
				351C5BB428190B7100FE9C0F /* Assets.xcassets in Resources */,
			);
			runOnlyForDeploymentPostprocessing = 0;
		};
/* End PBXResourcesBuildPhase section */

/* Begin PBXShellScriptBuildPhase section */
		3B65DF5762EDBF3020CB5B49 /* [CP] Check Pods Manifest.lock */ = {
			isa = PBXShellScriptBuildPhase;
			buildActionMask = 2147483647;
			files = (
			);
			inputFileListPaths = (
			);
			inputPaths = (
				"${PODS_PODFILE_DIR_PATH}/Podfile.lock",
				"${PODS_ROOT}/Manifest.lock",
			);
			name = "[CP] Check Pods Manifest.lock";
			outputFileListPaths = (
			);
			outputPaths = (
				"$(DERIVED_FILE_DIR)/Pods-Adrenalist-checkManifestLockResult.txt",
			);
			runOnlyForDeploymentPostprocessing = 0;
			shellPath = /bin/sh;
			shellScript = "diff \"${PODS_PODFILE_DIR_PATH}/Podfile.lock\" \"${PODS_ROOT}/Manifest.lock\" > /dev/null\nif [ $? != 0 ] ; then\n    # print error to STDERR\n    echo \"error: The sandbox is not in sync with the Podfile.lock. Run 'pod install' or update your CocoaPods installation.\" >&2\n    exit 1\nfi\n# This output is used by Xcode 'outputs' to avoid re-running this script phase.\necho \"SUCCESS\" > \"${SCRIPT_OUTPUT_FILE_0}\"\n";
			showEnvVarsInLog = 0;
		};
		D43D24CC814425341456BD10 /* [CP] Embed Pods Frameworks */ = {
			isa = PBXShellScriptBuildPhase;
			buildActionMask = 2147483647;
			files = (
			);
			inputFileListPaths = (
				"${PODS_ROOT}/Target Support Files/Pods-Adrenalist/Pods-Adrenalist-frameworks-${CONFIGURATION}-input-files.xcfilelist",
			);
			name = "[CP] Embed Pods Frameworks";
			outputFileListPaths = (
				"${PODS_ROOT}/Target Support Files/Pods-Adrenalist/Pods-Adrenalist-frameworks-${CONFIGURATION}-output-files.xcfilelist",
			);
			runOnlyForDeploymentPostprocessing = 0;
			shellPath = /bin/sh;
			shellScript = "\"${PODS_ROOT}/Target Support Files/Pods-Adrenalist/Pods-Adrenalist-frameworks.sh\"\n";
			showEnvVarsInLog = 0;
		};
/* End PBXShellScriptBuildPhase section */

/* Begin PBXSourcesBuildPhase section */
		351C5BA328190B7000FE9C0F /* Sources */ = {
			isa = PBXSourcesBuildPhase;
			buildActionMask = 2147483647;
			files = (
				3548C86B2819137F0089A0C4 /* SettingView.swift in Sources */,
				3548C8692819137A0089A0C4 /* SettingViewModel.swift in Sources */,
				3548C879281A86960089A0C4 /* WorkoutListViewController.swift in Sources */,
				3555CD2F282004F200DA830E /* ItemSetupViewController.swift in Sources */,
				3555CD2A281C747100DA830E /* SuggestionListCell.swift in Sources */,
				351C5BBF28190BCC00FE9C0F /* MainView.swift in Sources */,
				351C5BCB28190D6200FE9C0F /* WorkoutViewController.swift in Sources */,
				3555CD4E28239F2B00DA830E /* WorkoutSetupView.swift in Sources */,
				351C5BAB28190B7000FE9C0F /* AppDelegate.swift in Sources */,
				3548C85B28190F7F0089A0C4 /* WorkoutHistoryCollectionViewCell.swift in Sources */,
				351C5BAD28190B7000FE9C0F /* SceneDelegate.swift in Sources */,
				3548C87D281A86F60089A0C4 /* WorkoutListCell.swift in Sources */,
				3555CD3B2821729800DA830E /* AdrenalistButton.swift in Sources */,
				35DD525B283E7E3E0031A912 /* InputView.swift in Sources */,
				351C5BC928190D4100FE9C0F /* WorkoutView.swift in Sources */,
				3555CCE4281C0D1D00DA830E /* WhatToDoManager.swift in Sources */,
				3548C85728190ECF0089A0C4 /* SettingCollectionViewCell.swift in Sources */,
				35F16C77283F7EB90005352C /* UIScreen+Ext.swift in Sources */,
				3555CD462821903400DA830E /* UIViewController+Ext.swift in Sources */,
				3548C85028190E410089A0C4 /* WorkoutViewModel.swift in Sources */,
				3555CD532829278A00DA830E /* ItemSetupContainerView.swift in Sources */,
				351C5BC128190C2100FE9C0F /* MainViewController.swift in Sources */,
				3548C87B281A86CD0089A0C4 /* WorkoutListViewModel.swift in Sources */,
				35632F582858A403009C3B9D /* MyDatePickerCell.swift in Sources */,
				35DD525D283E7F090031A912 /* KeyboardHelper.swift in Sources */,
				35632F5628589DA9009C3B9D /* Date+Ext.swift in Sources */,
				35632F54285899DA009C3B9D /* MyDatepicker.swift in Sources */,
				351C5BC728190D1A00FE9C0F /* CircularView.swift in Sources */,
				3555CD39282169EC00DA830E /* AdrenalistCircleButton.swift in Sources */,
				3555CD322820E88A00DA830E /* ItemSetupView.swift in Sources */,
				3555CD3D282172AE00DA830E /* AdrenalistTextField.swift in Sources */,
				3555CD27281C69A100DA830E /* Constant.swift in Sources */,
				3555CD5028239F4000DA830E /* TimerSetupView.swift in Sources */,
				3555CD4928219BD100DA830E /* AboutView.swift in Sources */,
				3555CD4B28219BD900DA830E /* AboutViewController.swift in Sources */,
				3548C880281A87050089A0C4 /* WorkoutListView.swift in Sources */,
				3555CD37282169D600DA830E /* AdrenalistLabel.swift in Sources */,
				3555CD2D281CD5DA00DA830E /* Item.swift in Sources */,
				351C5BC528190C9000FE9C0F /* SettingViewController.swift in Sources */,
				351C5BC328190C6500FE9C0F /* MainViewModel.swift in Sources */,
				3548C85928190F570089A0C4 /* WorkoutCollectionViewCell.swift in Sources */,
				3555CD34282136B100DA830E /* ItemSetupViewModel.swift in Sources */,
			);
			runOnlyForDeploymentPostprocessing = 0;
		};
/* End PBXSourcesBuildPhase section */

/* Begin PBXVariantGroup section */
		351C5BB528190B7100FE9C0F /* LaunchScreen.storyboard */ = {
			isa = PBXVariantGroup;
			children = (
				351C5BB628190B7100FE9C0F /* Base */,
			);
			name = LaunchScreen.storyboard;
			sourceTree = "<group>";
		};
/* End PBXVariantGroup section */

/* Begin XCBuildConfiguration section */
		351C5BB928190B7100FE9C0F /* Debug */ = {
			isa = XCBuildConfiguration;
			buildSettings = {
				ALWAYS_SEARCH_USER_PATHS = NO;
				CLANG_ANALYZER_NONNULL = YES;
				CLANG_ANALYZER_NUMBER_OBJECT_CONVERSION = YES_AGGRESSIVE;
				CLANG_CXX_LANGUAGE_STANDARD = "gnu++17";
				CLANG_ENABLE_MODULES = YES;
				CLANG_ENABLE_OBJC_ARC = YES;
				CLANG_ENABLE_OBJC_WEAK = YES;
				CLANG_WARN_BLOCK_CAPTURE_AUTORELEASING = YES;
				CLANG_WARN_BOOL_CONVERSION = YES;
				CLANG_WARN_COMMA = YES;
				CLANG_WARN_CONSTANT_CONVERSION = YES;
				CLANG_WARN_DEPRECATED_OBJC_IMPLEMENTATIONS = YES;
				CLANG_WARN_DIRECT_OBJC_ISA_USAGE = YES_ERROR;
				CLANG_WARN_DOCUMENTATION_COMMENTS = YES;
				CLANG_WARN_EMPTY_BODY = YES;
				CLANG_WARN_ENUM_CONVERSION = YES;
				CLANG_WARN_INFINITE_RECURSION = YES;
				CLANG_WARN_INT_CONVERSION = YES;
				CLANG_WARN_NON_LITERAL_NULL_CONVERSION = YES;
				CLANG_WARN_OBJC_IMPLICIT_RETAIN_SELF = YES;
				CLANG_WARN_OBJC_LITERAL_CONVERSION = YES;
				CLANG_WARN_OBJC_ROOT_CLASS = YES_ERROR;
				CLANG_WARN_QUOTED_INCLUDE_IN_FRAMEWORK_HEADER = YES;
				CLANG_WARN_RANGE_LOOP_ANALYSIS = YES;
				CLANG_WARN_STRICT_PROTOTYPES = YES;
				CLANG_WARN_SUSPICIOUS_MOVE = YES;
				CLANG_WARN_UNGUARDED_AVAILABILITY = YES_AGGRESSIVE;
				CLANG_WARN_UNREACHABLE_CODE = YES;
				CLANG_WARN__DUPLICATE_METHOD_MATCH = YES;
				COPY_PHASE_STRIP = NO;
				DEBUG_INFORMATION_FORMAT = dwarf;
				ENABLE_STRICT_OBJC_MSGSEND = YES;
				ENABLE_TESTABILITY = YES;
				GCC_C_LANGUAGE_STANDARD = gnu11;
				GCC_DYNAMIC_NO_PIC = NO;
				GCC_NO_COMMON_BLOCKS = YES;
				GCC_OPTIMIZATION_LEVEL = 0;
				GCC_PREPROCESSOR_DEFINITIONS = (
					"DEBUG=1",
					"$(inherited)",
				);
				GCC_WARN_64_TO_32_BIT_CONVERSION = YES;
				GCC_WARN_ABOUT_RETURN_TYPE = YES_ERROR;
				GCC_WARN_UNDECLARED_SELECTOR = YES;
				GCC_WARN_UNINITIALIZED_AUTOS = YES_AGGRESSIVE;
				GCC_WARN_UNUSED_FUNCTION = YES;
				GCC_WARN_UNUSED_VARIABLE = YES;
				IPHONEOS_DEPLOYMENT_TARGET = 15.0;
				MTL_ENABLE_DEBUG_INFO = INCLUDE_SOURCE;
				MTL_FAST_MATH = YES;
				ONLY_ACTIVE_ARCH = YES;
				SDKROOT = iphoneos;
				SWIFT_ACTIVE_COMPILATION_CONDITIONS = DEBUG;
				SWIFT_OPTIMIZATION_LEVEL = "-Onone";
			};
			name = Debug;
		};
		351C5BBA28190B7100FE9C0F /* Release */ = {
			isa = XCBuildConfiguration;
			buildSettings = {
				ALWAYS_SEARCH_USER_PATHS = NO;
				CLANG_ANALYZER_NONNULL = YES;
				CLANG_ANALYZER_NUMBER_OBJECT_CONVERSION = YES_AGGRESSIVE;
				CLANG_CXX_LANGUAGE_STANDARD = "gnu++17";
				CLANG_ENABLE_MODULES = YES;
				CLANG_ENABLE_OBJC_ARC = YES;
				CLANG_ENABLE_OBJC_WEAK = YES;
				CLANG_WARN_BLOCK_CAPTURE_AUTORELEASING = YES;
				CLANG_WARN_BOOL_CONVERSION = YES;
				CLANG_WARN_COMMA = YES;
				CLANG_WARN_CONSTANT_CONVERSION = YES;
				CLANG_WARN_DEPRECATED_OBJC_IMPLEMENTATIONS = YES;
				CLANG_WARN_DIRECT_OBJC_ISA_USAGE = YES_ERROR;
				CLANG_WARN_DOCUMENTATION_COMMENTS = YES;
				CLANG_WARN_EMPTY_BODY = YES;
				CLANG_WARN_ENUM_CONVERSION = YES;
				CLANG_WARN_INFINITE_RECURSION = YES;
				CLANG_WARN_INT_CONVERSION = YES;
				CLANG_WARN_NON_LITERAL_NULL_CONVERSION = YES;
				CLANG_WARN_OBJC_IMPLICIT_RETAIN_SELF = YES;
				CLANG_WARN_OBJC_LITERAL_CONVERSION = YES;
				CLANG_WARN_OBJC_ROOT_CLASS = YES_ERROR;
				CLANG_WARN_QUOTED_INCLUDE_IN_FRAMEWORK_HEADER = YES;
				CLANG_WARN_RANGE_LOOP_ANALYSIS = YES;
				CLANG_WARN_STRICT_PROTOTYPES = YES;
				CLANG_WARN_SUSPICIOUS_MOVE = YES;
				CLANG_WARN_UNGUARDED_AVAILABILITY = YES_AGGRESSIVE;
				CLANG_WARN_UNREACHABLE_CODE = YES;
				CLANG_WARN__DUPLICATE_METHOD_MATCH = YES;
				COPY_PHASE_STRIP = NO;
				DEBUG_INFORMATION_FORMAT = "dwarf-with-dsym";
				ENABLE_NS_ASSERTIONS = NO;
				ENABLE_STRICT_OBJC_MSGSEND = YES;
				GCC_C_LANGUAGE_STANDARD = gnu11;
				GCC_NO_COMMON_BLOCKS = YES;
				GCC_WARN_64_TO_32_BIT_CONVERSION = YES;
				GCC_WARN_ABOUT_RETURN_TYPE = YES_ERROR;
				GCC_WARN_UNDECLARED_SELECTOR = YES;
				GCC_WARN_UNINITIALIZED_AUTOS = YES_AGGRESSIVE;
				GCC_WARN_UNUSED_FUNCTION = YES;
				GCC_WARN_UNUSED_VARIABLE = YES;
				IPHONEOS_DEPLOYMENT_TARGET = 15.0;
				MTL_ENABLE_DEBUG_INFO = NO;
				MTL_FAST_MATH = YES;
				SDKROOT = iphoneos;
				SWIFT_COMPILATION_MODE = wholemodule;
				SWIFT_OPTIMIZATION_LEVEL = "-O";
				VALIDATE_PRODUCT = YES;
			};
			name = Release;
		};
		351C5BBC28190B7100FE9C0F /* Debug */ = {
			isa = XCBuildConfiguration;
			baseConfigurationReference = B6D18FEB57126B74D1CDFB70 /* Pods-Adrenalist.debug.xcconfig */;
			buildSettings = {
				ASSETCATALOG_COMPILER_APPICON_NAME = AppIcon;
				ASSETCATALOG_COMPILER_GLOBAL_ACCENT_COLOR_NAME = AccentColor;
				CODE_SIGN_STYLE = Automatic;
				CURRENT_PROJECT_VERSION = 1;
				DEVELOPMENT_TEAM = PHT5ZHW738;
				GENERATE_INFOPLIST_FILE = YES;
				INFOPLIST_FILE = Adrenalist/Info.plist;
				INFOPLIST_KEY_UIApplicationSupportsIndirectInputEvents = YES;
				INFOPLIST_KEY_UILaunchStoryboardName = LaunchScreen;
				INFOPLIST_KEY_UISupportedInterfaceOrientations_iPad = "UIInterfaceOrientationPortrait UIInterfaceOrientationPortraitUpsideDown UIInterfaceOrientationLandscapeLeft UIInterfaceOrientationLandscapeRight";
				INFOPLIST_KEY_UISupportedInterfaceOrientations_iPhone = "UIInterfaceOrientationPortrait UIInterfaceOrientationLandscapeLeft UIInterfaceOrientationLandscapeRight";
				LD_RUNPATH_SEARCH_PATHS = (
					"$(inherited)",
					"@executable_path/Frameworks",
				);
				MARKETING_VERSION = 1.0;
				PRODUCT_BUNDLE_IDENTIFIER = yokim.Adrenalist;
				PRODUCT_NAME = "$(TARGET_NAME)";
				SWIFT_EMIT_LOC_STRINGS = YES;
				SWIFT_VERSION = 5.0;
				TARGETED_DEVICE_FAMILY = "1,2";
			};
			name = Debug;
		};
		351C5BBD28190B7100FE9C0F /* Release */ = {
			isa = XCBuildConfiguration;
			baseConfigurationReference = 2BD8AF962C0698E6E1B0A736 /* Pods-Adrenalist.release.xcconfig */;
			buildSettings = {
				ASSETCATALOG_COMPILER_APPICON_NAME = AppIcon;
				ASSETCATALOG_COMPILER_GLOBAL_ACCENT_COLOR_NAME = AccentColor;
				CODE_SIGN_STYLE = Automatic;
				CURRENT_PROJECT_VERSION = 1;
				DEVELOPMENT_TEAM = PHT5ZHW738;
				GENERATE_INFOPLIST_FILE = YES;
				INFOPLIST_FILE = Adrenalist/Info.plist;
				INFOPLIST_KEY_UIApplicationSupportsIndirectInputEvents = YES;
				INFOPLIST_KEY_UILaunchStoryboardName = LaunchScreen;
				INFOPLIST_KEY_UISupportedInterfaceOrientations_iPad = "UIInterfaceOrientationPortrait UIInterfaceOrientationPortraitUpsideDown UIInterfaceOrientationLandscapeLeft UIInterfaceOrientationLandscapeRight";
				INFOPLIST_KEY_UISupportedInterfaceOrientations_iPhone = "UIInterfaceOrientationPortrait UIInterfaceOrientationLandscapeLeft UIInterfaceOrientationLandscapeRight";
				LD_RUNPATH_SEARCH_PATHS = (
					"$(inherited)",
					"@executable_path/Frameworks",
				);
				MARKETING_VERSION = 1.0;
				PRODUCT_BUNDLE_IDENTIFIER = yokim.Adrenalist;
				PRODUCT_NAME = "$(TARGET_NAME)";
				SWIFT_EMIT_LOC_STRINGS = YES;
				SWIFT_VERSION = 5.0;
				TARGETED_DEVICE_FAMILY = "1,2";
			};
			name = Release;
		};
/* End XCBuildConfiguration section */

/* Begin XCConfigurationList section */
		351C5BA228190B7000FE9C0F /* Build configuration list for PBXProject "Adrenalist" */ = {
			isa = XCConfigurationList;
			buildConfigurations = (
				351C5BB928190B7100FE9C0F /* Debug */,
				351C5BBA28190B7100FE9C0F /* Release */,
			);
			defaultConfigurationIsVisible = 0;
			defaultConfigurationName = Release;
		};
		351C5BBB28190B7100FE9C0F /* Build configuration list for PBXNativeTarget "Adrenalist" */ = {
			isa = XCConfigurationList;
			buildConfigurations = (
				351C5BBC28190B7100FE9C0F /* Debug */,
				351C5BBD28190B7100FE9C0F /* Release */,
			);
			defaultConfigurationIsVisible = 0;
			defaultConfigurationName = Release;
		};
/* End XCConfigurationList section */

/* Begin XCRemoteSwiftPackageReference section */
		3548C85C28190FA90089A0C4 /* XCRemoteSwiftPackageReference "FloatingPanel" */ = {
			isa = XCRemoteSwiftPackageReference;
			repositoryURL = "https://github.com/scenee/FloatingPanel.git";
			requirement = {
				kind = upToNextMajorVersion;
				minimumVersion = 2.0.0;
			};
		};
		3548C861281910D90089A0C4 /* XCRemoteSwiftPackageReference "CombineCocoa" */ = {
			isa = XCRemoteSwiftPackageReference;
			repositoryURL = "https://github.com/CombineCommunity/CombineCocoa.git";
			requirement = {
				branch = main;
				kind = branch;
			};
		};
		3548C86C281926A30089A0C4 /* XCRemoteSwiftPackageReference "FSCalendar" */ = {
			isa = XCRemoteSwiftPackageReference;
			repositoryURL = "https://github.com/WenchaoD/FSCalendar";
			requirement = {
				kind = upToNextMajorVersion;
				minimumVersion = 2.0.0;
			};
		};
/* End XCRemoteSwiftPackageReference section */

/* Begin XCSwiftPackageProductDependency section */
		3548C85D28190FA90089A0C4 /* FloatingPanel */ = {
			isa = XCSwiftPackageProductDependency;
			package = 3548C85C28190FA90089A0C4 /* XCRemoteSwiftPackageReference "FloatingPanel" */;
			productName = FloatingPanel;
		};
		3548C862281910D90089A0C4 /* CombineCocoa */ = {
			isa = XCSwiftPackageProductDependency;
			package = 3548C861281910D90089A0C4 /* XCRemoteSwiftPackageReference "CombineCocoa" */;
			productName = CombineCocoa;
		};
		3548C86D281926A30089A0C4 /* FSCalendar */ = {
			isa = XCSwiftPackageProductDependency;
			package = 3548C86C281926A30089A0C4 /* XCRemoteSwiftPackageReference "FSCalendar" */;
			productName = FSCalendar;
		};
/* End XCSwiftPackageProductDependency section */
	};
	rootObject = 351C5B9F28190B7000FE9C0F /* Project object */;
}
